{
  "lockfileVersion": 1,
  "configVersion": 1,
  "workspaces": {
    "": {
      "name": "opencode-kiro-auth",
      "dependencies": {
        "@aws/codewhisperer-streaming-client": "^1.0.45",
      },
    },
  },
  "packages": {
    "@aws-crypto/sha256-browser": ["@aws-crypto/sha256-browser@5.2.0", "", { "dependencies": { "@aws-crypto/sha256-js": "^5.2.0", "@aws-crypto/supports-web-crypto": "^5.2.0", "@aws-crypto/util": "^5.2.0", "@aws-sdk/types": "^3.222.0", "@aws-sdk/util-locate-window": "^3.0.0", "@smithy/util-utf8": "^2.0.0", "tslib": "^2.6.2" } }, "sha512-AXfN/lGotSQwu6HNcEsIASo7kWXZ5HYWvfOmSNKDsEqC4OashTp8alTmaz+F7TC2L083SFv5RdB+qU3Vs1kZqw=="],

    "@aws-crypto/sha256-js": ["@aws-crypto/sha256-js@5.2.0", "", { "dependencies": { "@aws-crypto/util": "^5.2.0", "@aws-sdk/types": "^3.222.0", "tslib": "^2.6.2" } }, "sha512-FFQQyu7edu4ufvIZ+OadFpHHOt+eSTBaYaki44c+akjg7qZg9oOQeLlk77F6tSYqjDAFClrHJk9tMf0HdVyOvA=="],

    "@aws-crypto/supports-web-crypto": ["@aws-crypto/supports-web-crypto@5.2.0", "", { "dependencies": { "tslib": "^2.6.2" } }, "sha512-iAvUotm021kM33eCdNfwIN//F77/IADDSs58i+MDaOqFrVjZo9bAal0NK7HurRuWLLpF1iLX7gbWrjHjeo+YFg=="],

    "@aws-crypto/util": ["@aws-crypto/util@5.2.0", "", { "dependencies": { "@aws-sdk/types": "^3.222.0", "@smithy/util-utf8": "^2.0.0", "tslib": "^2.6.2" } }, "sha512-4RkU9EsI6ZpBve5fseQlGNUWKMa1RLPQ1dnjnQoe07ldfIzcsGb5hC5W0Dm7u423KWzawlrpbjXBrXCEv9zazQ=="],

    "@aws-sdk/core": ["@aws-sdk/core@3.977.8", "", { "dependencies": { "@aws-sdk/types": "^3.974.4", "@aws-sdk/xml-builder": "^3.972.39", "@aws/lambda-invoke-store": "^0.3.0", "@smithy/core": "^3.31.1", "@smithy/signature-v4": "^5.6.12", "@smithy/types": "^4.16.1", "bowser": "^2.11.0", "tslib": "^2.6.2" } }, "sha512-7+Kcrkvrk9lM/m7jRhHpT4jCdvzGHsuaSRbF8TdzzkY1mRzp/Ogwf9c7H29k4gGhey0BBWhCWr16+t0J61gwmg=="],

    "@aws-sdk/middleware-host-header": ["@aws-sdk/middleware-host-header@3.972.44", "", { "dependencies": { "@aws-sdk/core": "^3.977.8", "tslib": "^2.6.2" } }, "sha512-rOHfp3sV/NOcwbkdGTh6cDG1C16dBSZEZuqhuaTqe5FutryQkr+4atE3vYryV/3q3Z0gw+h0iMkVnABu5pWjLg=="],

    "@aws-sdk/middleware-logger": ["@aws-sdk/middleware-logger@3.972.43", "", { "dependencies": { "@aws-sdk/core": "^3.977.8", "tslib": "^2.6.2" } }, "sha512-FilmoydCynG2nXWHhbW3/SrumxfcW98qi+9E5Eg3PDMRbOTHbsTzECGUZZZ9YTafFO8MPmYjb3OXbR4M69zYnQ=="],

    "@aws-sdk/middleware-recursion-detection": ["@aws-sdk/middleware-recursion-detection@3.972.45", "", { "dependencies": { "@aws-sdk/core": "^3.977.8", "tslib": "^2.6.2" } }, "sha512-z674qMLpd8gwgcrXP4A//j4Af81NKJJpl88G4bWgKwwJebzDbjsEaNIm6qegXrSJaaiXGx7/G6kNlfCO0a//Ag=="],

    "@aws-sdk/middleware-user-agent": ["@aws-sdk/middleware-user-agent@3.972.73", "", { "dependencies": { "@aws-sdk/core": "^3.977.8", "tslib": "^2.6.2" } }, "sha512-OmHHVZOLsmu4+XlmPW1Fo4D/MpFkC9YXe/ayQN/VVRZqEL7voHwI8a/8kKsJABRmOo/SJhMZR0guzrluCrthZQ=="],

    "@aws-sdk/nested-clients": ["@aws-sdk/nested-clients@3.997.43", "", { "dependencies": { "@aws-sdk/core": "^3.977.8", "@aws-sdk/signature-v4-multi-region": "^3.996.45", "@aws-sdk/types": "^3.974.4", "@smithy/core": "^3.31.1", "@smithy/fetch-http-handler": "^5.6.13", "@smithy/node-http-handler": "^4.9.13", "@smithy/types": "^4.16.1", "tslib": "^2.6.2" } }, "sha512-bit+VpqWNyi3wHxFoTsTliNXimCSL2r2OeDTm7ZrG+YsTZ2D7ofDJ6r/t9PVBn80i6/v0X2h9Tgw6QP2MAKfPw=="],

    "@aws-sdk/region-config-resolver": ["@aws-sdk/region-config-resolver@3.972.47", "", { "dependencies": { "@aws-sdk/core": "^3.977.8", "tslib": "^2.6.2" } }, "sha512-W32DAq3caOpv56lDpETLJ4gMWUeHrTHBevHBq0qE4txs9cgIKI1EAjkYLVUJSYIciwz6t9ydszle0nZfsDDDkg=="],

    "@aws-sdk/signature-v4-multi-region": ["@aws-sdk/signature-v4-multi-region@3.996.45", "", { "dependencies": { "@aws-sdk/types": "^3.974.4", "@smithy/signature-v4": "^5.6.12", "@smithy/types": "^4.16.1", "tslib": "^2.6.2" } }, "sha512-bBuyztukzXq6plzFGHAWiQt0QXo+HL8b8lX5cFTzkez/74PtS1c0qPFCIVuHkyoT+miH2qOjAcm1/yoro2ESPA=="],

    "@aws-sdk/token-providers": ["@aws-sdk/token-providers@3.1111.0", "", { "dependencies": { "@aws-sdk/core": "^3.977.8", "@aws-sdk/nested-clients": "^3.997.43", "@aws-sdk/types": "^3.974.4", "@smithy/core": "^3.31.1", "@smithy/types": "^4.16.1", "tslib": "^2.6.2" } }, "sha512-JfljgoVtl+s3Qy21n9a7Z48uCQaOXcN74KJ3TEQfPoB293GrXFSt6HSQJF1sTZ8c/5QedEvd3NjJQMO4u9qa5A=="],

    "@aws-sdk/types": ["@aws-sdk/types@3.974.4", "", { "dependencies": { "@smithy/types": "^4.16.1", "tslib": "^2.6.2" } }, "sha512-dSFDNG00MEz0/xl5gxL62giLd1iYyJsTxZ1I1DOj6lC+bbgLB4TRsYClJg3b62dhXT1uATzsTNXPnC+33EJV3A=="],

    "@aws-sdk/util-endpoints": ["@aws-sdk/util-endpoints@3.996.42", "", { "dependencies": { "@aws-sdk/core": "^3.977.8", "@smithy/core": "^3.31.1", "tslib": "^2.6.2" } }, "sha512-JrY/Rq08zxXuHbXhk7nrMVtw0Hoq79uEr27a50zGnU+1vO+1NJ6QjFufNHVMZb+cvMaRnmPj6sVouuiTWOqVdw=="],

    "@aws-sdk/util-locate-window": ["@aws-sdk/util-locate-window@3.965.10", "", { "dependencies": { "tslib": "^2.6.2" } }, "sha512-ycwH6Zd2GhuSqdXX9ihbCjeGTB6xOJs+O3+Jb8/zDG9978XU80qs75dfkPJRMNKe5MvBZPuNeFpd4JZKPoUF4g=="],

    "@aws-sdk/util-user-agent-browser": ["@aws-sdk/util-user-agent-browser@3.972.44", "", { "dependencies": { "@aws-sdk/core": "^3.977.8", "tslib": "^2.6.2" } }, "sha512-4m1YHKy4iFnnQnbDUdjTpf3aRm4hkv5elELkZsB9BH6nKp3LQle6wLhodElx0YUjvSni1lI/8HXVw8j2JSWoig=="],

    "@aws-sdk/util-user-agent-node": ["@aws-sdk/util-user-agent-node@3.973.59", "", { "dependencies": { "@aws-sdk/core": "^3.977.8", "tslib": "^2.6.2" } }, "sha512-Uy7Qy9naXFg8uthAz6jH/YDUIoGVNZD6cGImTpDZ8x0rXm7OE3ZMoe0o8SN5BTtn7n5otdZVnv2/v8Vz8wqJMw=="],

    "@aws-sdk/xml-builder": ["@aws-sdk/xml-builder@3.972.39", "", { "dependencies": { "@smithy/types": "^4.16.1", "tslib": "^2.6.2" } }, "sha512-FTti8DS5MMWXNUWiRwXAJeYS+0GHHiMy0+7XOhcwk63ILHmfS2UFy2z/HNpZCSOJJ3P3dnWY6hfYNW3DF0nXUA=="],

    "@aws/codewhisperer-streaming-client": ["@aws/codewhisperer-streaming-client@1.0.45", "", { "dependencies": { "@aws-crypto/sha256-browser": "5.2.0", "@aws-crypto/sha256-js": "5.2.0", "@aws-sdk/core": "^3.974.7", "@aws-sdk/middleware-host-header": "^3.972.10", "@aws-sdk/middleware-logger": "^3.972.10", "@aws-sdk/middleware-recursion-detection": "^3.972.11", "@aws-sdk/middleware-user-agent": "^3.972.37", "@aws-sdk/region-config-resolver": "^3.972.13", "@aws-sdk/token-providers": "^3.1040.0", "@aws-sdk/types": "^3.973.8", "@aws-sdk/util-endpoints": "^3.996.8", "@aws-sdk/util-user-agent-browser": "^3.972.10", "@aws-sdk/util-user-agent-node": "^3.973.23", "@smithy/config-resolver": "^4.4.17", "@smithy/core": "^3.23.17", "@smithy/eventstream-serde-browser": "^4.2.14", "@smithy/eventstream-serde-config-resolver": "^4.3.14", "@smithy/eventstream-serde-node": "^4.2.14", "@smithy/fetch-http-handler": "^5.3.17", "@smithy/hash-node": "^4.2.14", "@smithy/invalid-dependency": "^4.2.14", "@smithy/middleware-content-length": "^4.2.14", "@smithy/middleware-endpoint": "^4.4.32", "@smithy/middleware-retry": "^4.5.7", "@smithy/middleware-serde": "^4.2.20", "@smithy/middleware-stack": "^4.2.14", "@smithy/node-config-provider": "^4.3.14", "@smithy/node-http-handler": "^4.6.1", "@smithy/protocol-http": "^5.3.14", "@smithy/smithy-client": "^4.12.13", "@smithy/types": "^4.14.1", "@smithy/url-parser": "^4.2.14", "@smithy/util-base64": "^4.3.2", "@smithy/util-body-length-browser": "^4.2.2", "@smithy/util-body-length-node": "^4.2.3", "@smithy/util-defaults-mode-browser": "^4.3.49", "@smithy/util-defaults-mode-node": "^4.2.54", "@smithy/util-endpoints": "^3.4.2", "@smithy/util-middleware": "^4.2.14", "@smithy/util-retry": "^4.3.6", "@smithy/util-utf8": "^4.2.2", "tslib": "^2.6.2" } }, "sha512-XvqUjgrA+hS8bK/dU9tUhooxlYWLbIYNYg461gMcD2QQHAd+fXwqrImgcJ/pvU6LedguvTal1Vdd9Pf4I0O0Jg=="],

    "@aws/lambda-invoke-store": ["@aws/lambda-invoke-store@0.3.0", "", {}, "sha512-sl4Bm6yiMNYrZKkqqDFWN0UfnWhlS8ivKxrYl+6t0gCLrqr8y3B2IqZZbFRkfaVVp7C/baApyh71P+LeE1A2sQ=="],

    "@smithy/config-resolver": ["@smithy/config-resolver@4.7.2", "", { "dependencies": { "@smithy/core": "^3.33.2", "tslib": "^2.6.2" } }, "sha512-Y1XfSefHIOub9762qm3ShafdlEE/Va8h3kLUeMq765fNeWeNLcOP2YUPr86H1SlyGwZTOqQ67RlBZPZ3k9Djgg=="],

    "@smithy/core": ["@smithy/core@3.33.2", "", { "dependencies": { "@smithy/types": "^4.17.2", "tslib": "^2.6.2" } }, "sha512-CUGXpnPkVdjUCbix+83sWLW9VFgQOm44MDOx/ihITJMAnOZKvL8YYIc7DR9pP/tZ8CIRvMiON/TucvygqbHO3w=="],

    "@smithy/eventstream-serde-browser": ["@smithy/eventstream-serde-browser@4.5.2", "", { "dependencies": { "@smithy/core": "^3.33.2", "tslib": "^2.6.2" } }, "sha512-HQ4l596buGUPnypSGfoYKp17GvR0sMMKyc6PQ/NHxLmh8sQjP7h3TRvy+lW/et12UN9BRPAbHJKa4d3XMMVszQ=="],

    "@smithy/eventstream-serde-config-resolver": ["@smithy/eventstream-serde-config-resolver@4.6.2", "", { "dependencies": { "@smithy/core": "^3.33.2", "tslib": "^2.6.2" } }, "sha512-GVWpmVKiVAvZDr3E0qRPu+A7TzeeMUctuP9SoFpzGx31lenW3Wk8zq7N97p8sJMwLCyVhXcbv5D0UTURCHdH0w=="],

    "@smithy/eventstream-serde-node": ["@smithy/eventstream-serde-node@4.5.2", "", { "dependencies": { "@smithy/core": "^3.33.2", "tslib": "^2.6.2" } }, "sha512-WkWkseIHXv+hr6RnrkpEOv5TOPHWLzzlOsocnPCCKsdfCOkBN7qhBn1/Pij9QZynkloJXYsQp9A5ykdIPVL2tg=="],

    "@smithy/fetch-http-handler": ["@smithy/fetch-http-handler@5.7.2", "", { "dependencies": { "@smithy/core": "^3.33.2", "@smithy/types": "^4.17.2", "tslib": "^2.6.2" } }, "sha512-nZyWTmSpJEXl6VtWVMBJve/7x12DZu6sIX1z1a+ZMaHlQQRs9Zpu6NbTe/gmxYXVRpkjxyDYpZ5gx2IM6f/Wkw=="],

    "@smithy/hash-node": ["@smithy/hash-node@4.5.2", "", { "dependencies": { "@smithy/core": "^3.33.2", "tslib": "^2.6.2" } }, "sha512-OcD8fGClTkP0BWHVEAgUp1RZyCw8cKfqTPQ+DgrSF5jvR8zKkw2Aud79L4G/1Fu3QKLcsHExxRIPQCcKx7+xkg=="],

    "@smithy/invalid-dependency": ["@smithy/invalid-dependency@4.5.2", "", { "dependencies": { "@smithy/core": "^3.33.2", "tslib": "^2.6.2" } }, "sha512-VONOgtCxIXtwXrLVZPUdxOELYpkFzNizkpbQE5CrJ/OEh12Osx+LVXsLEAF+JcvVqPODmUoOUaovlOjCQHTOow=="],

    "@smithy/is-array-buffer": ["@smithy/is-array-buffer@2.2.0", "", { "dependencies": { "tslib": "^2.6.2" } }, "sha512-GGP3O9QFD24uGeAXYUjwSTXARoqpZykHadOmA8G5vfJPK0/DC67qa//0qvqrJzL1xc8WQWX7/yc7fwudjPHPhA=="],

    "@smithy/middleware-content-length": ["@smithy/middleware-content-length@4.5.2", "", { "dependencies": { "@smithy/core": "^3.33.2", "tslib": "^2.6.2" } }, "sha512-43Ixsc2OE5rhruhc9a1vETUCmK3Yh1AIbg2+wwQUgloOIti2FgPHmPLLBkjIqx8vdmpABtsVlhazNr5TMZKJmA=="],

    "@smithy/middleware-endpoint": ["@smithy/middleware-endpoint@4.7.2", "", { "dependencies": { "@smithy/core": "^3.33.2", "tslib": "^2.6.2" } }, "sha512-7HgK3/pQQHcD5w9lOPtK53/eDMKDp324Nd4KZ8XvxlcKHiWytuM9VwVOB2iy3rutsz/N1WNEWBkaRBayrGnuog=="],

    "@smithy/middleware-retry": ["@smithy/middleware-retry@4.8.2", "", { "dependencies": { "@smithy/core": "^3.33.2", "tslib": "^2.6.2" } }, "sha512-wj0BTZ6SC7YI8hSLMbZCO1BP7k8JOuSUHjRYrZJApqNEiHL6jxaLs5Sr92EeXu5CuVzZOUCFUuewXusWxps0bQ=="],

    "@smithy/middleware-serde": ["@smithy/middleware-serde@4.5.2", "", { "dependencies": { "@smithy/core": "^3.33.2", "tslib": "^2.6.2" } }, "sha512-5Qeqkw4IdmUQUGR/FRImBruFcnXiwGC8+EOVH377bonkQF66temzxM4HbCnOOQb8U/SClP1IdlFbC7CTmKux4Q=="],

    "@smithy/middleware-stack": ["@smithy/middleware-stack@4.5.2", "", { "dependencies": { "@smithy/core": "^3.33.2", "tslib": "^2.6.2" } }, "sha512-db1TDSBA03WtomPMLWPy69L85vEaQbbnDHlmCYQ7hIqOdD22K+k8GlsVYdafYKaFkJaJW2OvcgcXOELGfhtptA=="],

    "@smithy/node-config-provider": ["@smithy/node-config-provider@4.6.2", "", { "dependencies": { "@smithy/core": "^3.33.2", "tslib": "^2.6.2" } }, "sha512-zMrXu/O5tPa7GLtra8L4wFG6DACcXT9QV4Ay+WEAjUhXm1dVq7c/q9Qv9gkJZNLY8hmQKg08778kDcxpKNMqOA=="],

    "@smithy/node-http-handler": ["@smithy/node-http-handler@4.11.2", "", { "dependencies": { "@smithy/core": "^3.33.2", "@smithy/types": "^4.17.2", "tslib": "^2.6.2" } }, "sha512-avwAh9HM3h2lcfjvP3zYIZGf+XVgLQ91wOJ2qoFbNpW1UZeZb33aGlhTZvtkANHfcGhJroRY64525OjfgOg30g=="],

    "@smithy/protocol-http": ["@smithy/protocol-http@5.6.2", "", { "dependencies": { "@smithy/core": "^3.33.2", "tslib": "^2.6.2" } }, "sha512-Asd04MaxODN6FNY8EPTeCAM4kPNi3jDUAjZU0Y4F9rHvpLUrrUo7KLcxFgSthywFr6dZfIyDLIJda6jxmVTk5w=="],

    "@smithy/signature-v4": ["@smithy/signature-v4@5.7.2", "", { "dependencies": { "@smithy/core": "^3.33.2", "@smithy/types": "^4.17.2", "tslib": "^2.6.2" } }, "sha512-P7Ki6px6OOrxVtx8K7nLmyx4SlXUW/uTKDdMG44UHefmPGSRMBKe2v+TM59WdLcpUIrBrnuCsIqiM2MbsZjmhw=="],

    "@smithy/smithy-client": ["@smithy/smithy-client@4.15.2", "", { "dependencies": { "@smithy/core": "^3.33.2", "@smithy/types": "^4.17.2", "tslib": "^2.6.2" } }, "sha512-qweA7dHwcWmq8IN2mIGo7nAfeji1nwWBra+P3nz4R8W8yoQYE6Iy2bN33I0W3d50MN/V5EiDY/nElr4EHITsrg=="],

    "@smithy/types": ["@smithy/types@4.17.2", "", { "dependencies": { "tslib": "^2.6.2" } }, "sha512-FOKpVZob9MPTn2znRzGrnsMHv7BOsKVw3XiP/cOyYLDVZ9qKp4nifIiSCuUU/fIj5Vu0UOAxCFr+qRAtG0NUkA=="],

    "@smithy/url-parser": ["@smithy/url-parser@4.5.2", "", { "dependencies": { "@smithy/core": "^3.33.2", "tslib": "^2.6.2" } }, "sha512-xqZcyU/YjOt9ofe8WM1y9aCaAmxel2iRiHpkT0x2BN++mRXw0M4VdxPAOtuux279JndY6wWMiOt5BJ2xmAuMYA=="],

    "@smithy/util-base64": ["@smithy/util-base64@4.6.2", "", { "dependencies": { "@smithy/core": "^3.33.2", "tslib": "^2.6.2" } }, "sha512-wTQX1hPfElIqY6AzM/s6c4UgpMxCL4MwJ5u6340ksLPq78lur6Y+keheIDk5gMX4G3KFh4MERcDt6xhRq+ie1Q=="],

    "@smithy/util-body-length-browser": ["@smithy/util-body-length-browser@4.5.2", "", { "dependencies": { "@smithy/core": "^3.33.2", "tslib": "^2.6.2" } }, "sha512-QyeUSin/R2nz0hXZ5ObTvhmCQomsr6+ZyHygab5AH5+fTY5xVDQeX1DFKp9uPEwOs6RW26jEn9yqq+4yqIZDrA=="],

    "@smithy/util-body-length-node": ["@smithy/util-body-length-node@4.5.2", "", { "dependencies": { "@smithy/core": "^3.33.2", "tslib": "^2.6.2" } }, "sha512-SErsW8pBKTCkFEA1RoChwW6/8JYzdcWqWDOsRP0xOtxMYsHOUMcldkcQjtujpKSy2FtlywqygCOxSKarc4TAZw=="],

    "@smithy/util-buffer-from": ["@smithy/util-buffer-from@2.2.0", "", { "dependencies": { "@smithy/is-array-buffer": "^2.2.0", "tslib": "^2.6.2" } }, "sha512-IJdWBbTcMQ6DA0gdNhh/BwrLkDR+ADW5Kr1aZmd4k3DIF6ezMV4R2NIAmT08wQJ3yUK82thHWmC/TnK/wpMMIA=="],

    "@smithy/util-defaults-mode-browser": ["@smithy/util-defaults-mode-browser@4.6.2", "", { "dependencies": { "@smithy/core": "^3.33.2", "tslib": "^2.6.2" } }, "sha512-wENSdyLXVzupl1nyPK7JP/wt6Lkph/psRgocKli5NLh7O936L66FrZQ/I9HBHwZ5N0Z4MJUoj8qNdw+/6cTRgA=="],

    "@smithy/util-defaults-mode-node": ["@smithy/util-defaults-mode-node@4.5.2", "", { "dependencies": { "@smithy/core": "^3.33.2", "tslib": "^2.6.2" } }, "sha512-3915rhdCibo7Do927AFV6pXxsIiaKOZGGexJ3LnT2l5CgJZi3DPqZ2ZMhYTIPjiRA3asHhPe0gaFBtxuqXC8aA=="],

    "@smithy/util-endpoints": ["@smithy/util-endpoints@3.7.2", "", { "dependencies": { "@smithy/core": "^3.33.2", "tslib": "^2.6.2" } }, "sha512-16wQS3r4gXctr9/uYB0OUAUOm1LZLUKAsBeG364l64OalFwsRRvgO+AjL3OYxmxt060z1ExchX2ayrNVfM0r9Q=="],

    "@smithy/util-middleware": ["@smithy/util-middleware@4.5.2", "", { "dependencies": { "@smithy/core": "^3.33.2", "tslib": "^2.6.2" } }, "sha512-wmfA04AZqTwu10EWGKUu4dm/3BZfSedqlqAiQPWVr8OkwFh0MovRDBwc48Pzd2YEEjqpI0JwXVk65TBarff3wQ=="],

    "@smithy/util-retry": ["@smithy/util-retry@4.6.2", "", { "dependencies": { "@smithy/core": "^3.33.2", "tslib": "^2.6.2" } }, "sha512-q6MXFNu+W4ZCNdNKutzDLP/Hzumd1FU9CQX++P/7ylanYIYiGhgZwSzwZWAw+G1RNcfY+RBYv61XcGlSYhj+BA=="],

    "@smithy/util-utf8": ["@smithy/util-utf8@4.5.2", "", { "dependencies": { "@smithy/core": "^3.33.2", "tslib": "^2.6.2" } }, "sha512-7wNWV7SugHpcMA7uzEawJNpE0GrasXM7a9E+1+Wm6NxVuDClESac/AKt+G7jMZNUz5vBLWqKlqVV7Sv7AtUr6Q=="],

    "bowser": ["bowser@2.14.1", "", {}, "sha512-tzPjzCxygAKWFOJP011oxFHs57HzIhOEracIgAePE4pqB3LikALKnSzUyU4MGs9/iCEUuHlAJTjTc5M+u7YEGg=="],

    "tslib": ["tslib@2.8.1", "", {}, "sha512-oJFu94HQb+KVduSUQL7wnpmqnfmLsOA/nAh6b6EH0wCEoK0/mPeXU6c3wKDV83MkOuHPRHtSXKKU99IBazS/2w=="],

    "@aws-crypto/sha256-browser/@smithy/util-utf8": ["@smithy/util-utf8@2.3.0", "", { "dependencies": { "@smithy/util-buffer-from": "^2.2.0", "tslib": "^2.6.2" } }, "sha512-R8Rdn8Hy72KKcebgLiv8jQcQkXoLMOGGv5uI1/k0l+snqkOzQ1R0ChUBCxWMlBsFMekWjq0wRudIweFs7sKT5A=="],

    "@aws-crypto/util/@smithy/util-utf8": ["@smithy/util-utf8@2.3.0", "", { "dependencies": { "@smithy/util-buffer-from": "^2.2.0", "tslib": "^2.6.2" } }, "sha512-R8Rdn8Hy72KKcebgLiv8jQcQkXoLMOGGv5uI1/k0l+snqkOzQ1R0ChUBCxWMlBsFMekWjq0wRudIweFs7sKT5A=="],
  }
}
